# This file is automatically @generated by Poetry 2.0.0 and should not be changed by hand.

[[package]]
name = "pocketflow"
version = "0.0.2"
description = "Pocket Flow: 100-line LLM framework. Let Agents build Agents!"
optional = false
python-versions = "*"
groups = ["main"]
files = [
    {file = "pocketflow-0.0.2-py3-none-any.whl", hash = "sha256:16f9cc5cfd68b6e552c736e5b965209b1f464233c62061a2dc3080cb48a22e74"},
    {file = "pocketflow-0.0.2.tar.gz", hash = "sha256:9249f05223f1b325a99fa4445d5ab69c89afa1e0e4acecdc1e6109936529e1b7"},
]

[metadata]
lock-version = "2.1"
python-versions = ">=3.11"
content-hash = "76779d29e05ecc7e7f7bafb3db22d6d4686b0878b66af61871e31c5cbf7370f2"
